
Microsoft Visual Studio Solution File, Format Version 12.00
# Visual Studio 15
VisualStudioVersion = 15.0.27428.2015
MinimumVisualStudioVersion = 10.0.40219.1
Project("{FAE04EC0-301F-11D3-BF4B-00C04F79EFBC}") = "App15.Android", "App15\App15.Android\App15.Android.csproj", "{90BCB2F0-7440-4F32-ABFA-6343B23908F8}"
EndProject
Project("{FAE04EC0-301F-11D3-BF4B-00C04F79EFBC}") = "App15", "App15\App15\App15.csproj", "{F2F0BC1F-40C8-49EC-B4C2-81F99E9EA13A}"
EndProject
Global
	GlobalSection(SolutionConfigurationPlatforms) = preSolution
		Debug|Any CPU = Debug|Any CPU
		Release|Any CPU = Release|Any CPU
	EndGlobalSection
	GlobalSection(ProjectConfigurationPlatforms) = postSolution
		{90BCB2F0-7440-4F32-ABFA-6343B23908F8}.Debug|Any CPU.ActiveCfg = Debug|Any CPU
		{90BCB2F0-7440-4F32-ABFA-6343B23908F8}.Debug|Any CPU.Build.0 = Debug|Any CPU
		{90BCB2F0-7440-4F32-ABFA-6343B23908F8}.Debug|Any CPU.Deploy.0 = Debug|Any CPU
		{90BCB2F0-7440-4F32-ABFA-6343B23908F8}.Release|Any CPU.ActiveCfg = Release|Any CPU
		{90BCB2F0-7440-4F32-ABFA-6343B23908F8}.Release|Any CPU.Build.0 = Release|Any CPU
		{90BCB2F0-7440-4F32-ABFA-6343B23908F8}.Release|Any CPU.Deploy.0 = Release|Any CPU
		{F2F0BC1F-40C8-49EC-B4C2-81F99E9EA13A}.Debug|Any CPU.ActiveCfg = Debug|Any CPU
		{F2F0BC1F-40C8-49EC-B4C2-81F99E9EA13A}.Debug|Any CPU.Build.0 = Debug|Any CPU
		{F2F0BC1F-40C8-49EC-B4C2-81F99E9EA13A}.Release|Any CPU.ActiveCfg = Release|Any CPU
		{F2F0BC1F-40C8-49EC-B4C2-81F99E9EA13A}.Release|Any CPU.Build.0 = Release|Any CPU
	EndGlobalSection
	GlobalSection(SolutionProperties) = preSolution
		HideSolutionNode = FALSE
	EndGlobalSection
	GlobalSection(ExtensibilityGlobals) = postSolution
		SolutionGuid = {E41C3B4E-FC98-4A18-8B78-0DD7E7AA3B3D}
	EndGlobalSection
EndGlobal
